// !$*UTF8*$!
{
	archiveVersion = 1;
	classes = {
	};
	objectVersion = 50;
	objects = {

/* Begin PBXBuildFile section */
		7B32497A256C6CF0001B4B6C /* main.swift in Sources */ = {isa = PBXBuildFile; fileRef = 7B324979256C6CF0001B4B6C /* main.swift */; };
		7B324994256C70C8001B4B6C /* 1089. Duplicate Zeros.swift in Sources */ = {isa = PBXBuildFile; fileRef = 7B324993256C70C8001B4B6C /* 1089. Duplicate Zeros.swift */; };
		7B324998256C72A4001B4B6C /* LCProblemManager.swift in Sources */ = {isa = PBXBuildFile; fileRef = 7B324997256C72A4001B4B6C /* LCProblemManager.swift */; };
		7B610D74259D84190087293D /* 1. Two Sum.swift in Sources */ = {isa = PBXBuildFile; fileRef = 7B610D73259D84190087293D /* 1. Two Sum.swift */; };
		7B610D77259FAAA50087293D /* 16. 3Sum Closest.swift in Sources */ = {isa = PBXBuildFile; fileRef = 7B610D76259FAAA50087293D /* 16. 3Sum Closest.swift */; };
		7B610D7B259FB02A0087293D /* 259. 3Sum Smaller.swift in Sources */ = {isa = PBXBuildFile; fileRef = 7B610D7A259FB02A0087293D /* 259. 3Sum Smaller.swift */; };
		7B610D7E259FFFBA0087293D /* 1099. Two Sum Less Than K.swift in Sources */ = {isa = PBXBuildFile; fileRef = 7B610D7D259FFFBA0087293D /* 1099. Two Sum Less Than K.swift */; };
		7B610D8125A05B870087293D /* SinglyLinkedListNode.swift in Sources */ = {isa = PBXBuildFile; fileRef = 7B610D8025A05B870087293D /* SinglyLinkedListNode.swift */; };
		7B610D8425A05DDD0087293D /* 2. Add Two Numbers.swift in Sources */ = {isa = PBXBuildFile; fileRef = 7B610D8325A05DDD0087293D /* 2. Add Two Numbers.swift */; };
		7B610D8825A2B9880087293D /* 30. Substring with Concatenation of All Words.swift in Sources */ = {isa = PBXBuildFile; fileRef = 7B610D8725A2B9880087293D /* 30. Substring with Concatenation of All Words.swift */; };
		7B610D8B25AC090B0087293D /* 243. Shortest Word Distance.swift in Sources */ = {isa = PBXBuildFile; fileRef = 7B610D8A25AC090B0087293D /* 243. Shortest Word Distance.swift */; };
		7B610D8E25AC0DAB0087293D /* 244. Shortest Word Distance II.swift in Sources */ = {isa = PBXBuildFile; fileRef = 7B610D8D25AC0DAB0087293D /* 244. Shortest Word Distance II.swift */; };
		7B610D9125AC16A10087293D /* 245. Shortest Word Distance III.swift in Sources */ = {isa = PBXBuildFile; fileRef = 7B610D9025AC16A10087293D /* 245. Shortest Word Distance III.swift */; };
		7B680A4E25859310003D5472 /* 111. Minimum Depth of Binary Tree.swift in Sources */ = {isa = PBXBuildFile; fileRef = 7B680A4D25859310003D5472 /* 111. Minimum Depth of Binary Tree.swift */; };
		7B680A51258598D6003D5472 /* 104. Maximum Depth of Binary Tree.swift in Sources */ = {isa = PBXBuildFile; fileRef = 7B680A50258598D6003D5472 /* 104. Maximum Depth of Binary Tree.swift */; };
		7B680A59258DBF39003D5472 /* PlayaroundWithConcepts.swift in Sources */ = {isa = PBXBuildFile; fileRef = 7B680A58258DBF39003D5472 /* PlayaroundWithConcepts.swift */; };
		7B680A5C258DE621003D5472 /* 199. Binary Tree Right Side View.swift in Sources */ = {isa = PBXBuildFile; fileRef = 7B680A5B258DE621003D5472 /* 199. Binary Tree Right Side View.swift */; };
		7B680A5F258DE954003D5472 /* 545. Boundary of Binary Tree.swift in Sources */ = {isa = PBXBuildFile; fileRef = 7B680A5E258DE954003D5472 /* 545. Boundary of Binary Tree.swift */; };
		7B680A62258E1439003D5472 /* 112. Path Sum.swift in Sources */ = {isa = PBXBuildFile; fileRef = 7B680A61258E1439003D5472 /* 112. Path Sum.swift */; };
		7B680A652591569B003D5472 /* 113. Path Sum II.swift in Sources */ = {isa = PBXBuildFile; fileRef = 7B680A642591569B003D5472 /* 113. Path Sum II.swift */; };
		7B680A682591A00D003D5472 /* 257. Binary Tree Paths.swift in Sources */ = {isa = PBXBuildFile; fileRef = 7B680A672591A00D003D5472 /* 257. Binary Tree Paths.swift */; };
		7B680A6B25927F95003D5472 /* 53. Maximum Subarray.swift in Sources */ = {isa = PBXBuildFile; fileRef = 7B680A6A25927F95003D5472 /* 53. Maximum Subarray.swift */; };
		7B680A6E25948DD6003D5472 /* 523. Continuous Subarray Sum.swift in Sources */ = {isa = PBXBuildFile; fileRef = 7B680A6D25948DD5003D5472 /* 523. Continuous Subarray Sum.swift */; };
		7B680A7125950951003D5472 /* 340. Longest Substring with At Most K Distinct Characters.swift in Sources */ = {isa = PBXBuildFile; fileRef = 7B680A7025950951003D5472 /* 340. Longest Substring with At Most K Distinct Characters.swift */; };
		7B680A7425953815003D5472 /* 159. Longest Substring with At Most Two Distinct Characters.swift in Sources */ = {isa = PBXBuildFile; fileRef = 7B680A7325953815003D5472 /* 159. Longest Substring with At Most Two Distinct Characters.swift */; };
		7B680A782595591E003D5472 /* 560. Subarray Sum Equals K.swift in Sources */ = {isa = PBXBuildFile; fileRef = 7B680A772595591E003D5472 /* 560. Subarray Sum Equals K.swift */; };
		7B680A7B2597523B003D5472 /* 3. Longest Substring Without Repeating Characters.swift in Sources */ = {isa = PBXBuildFile; fileRef = 7B680A7A2597523A003D5472 /* 3. Longest Substring Without Repeating Characters.swift */; };
		7B680A7F2597E4C0003D5472 /* 424. Longest Repeating Character Replacement.swift in Sources */ = {isa = PBXBuildFile; fileRef = 7B680A7E2597E4BF003D5472 /* 424. Longest Repeating Character Replacement.swift */; };
		7B680A8225980D04003D5472 /* 1004. Max Consecutive Ones III.swift in Sources */ = {isa = PBXBuildFile; fileRef = 7B680A8125980D04003D5472 /* 1004. Max Consecutive Ones III.swift */; };
		7B680A8525981782003D5472 /* 487. Max Consecutive Ones II.swift in Sources */ = {isa = PBXBuildFile; fileRef = 7B680A8425981782003D5472 /* 487. Max Consecutive Ones II.swift */; };
		7B680A892599E098003D5472 /* 567. Permutation in String.swift in Sources */ = {isa = PBXBuildFile; fileRef = 7B680A882599E098003D5472 /* 567. Permutation in String.swift */; };
		7B680A8C2599F706003D5472 /* 438. Find All Anagrams in a String.swift in Sources */ = {isa = PBXBuildFile; fileRef = 7B680A8B2599F706003D5472 /* 438. Find All Anagrams in a String.swift */; };
		7B680A8F2599FABC003D5472 /* 242. Valid Anagram.swift in Sources */ = {isa = PBXBuildFile; fileRef = 7B680A8E2599FABC003D5472 /* 242. Valid Anagram.swift */; };
		7B680A932599FEDA003D5472 /* 76. Minimum Window Substring.swift in Sources */ = {isa = PBXBuildFile; fileRef = 7B680A922599FEDA003D5472 /* 76. Minimum Window Substring.swift */; };
		7B680A96259C8DEC003D5472 /* 167. Two Sum II - Input array is sorted.swift in Sources */ = {isa = PBXBuildFile; fileRef = 7B680A95259C8DEC003D5472 /* 167. Two Sum II - Input array is sorted.swift */; };
		7B680A9A259C9439003D5472 /* 26. Remove Duplicates from Sorted Array.swift in Sources */ = {isa = PBXBuildFile; fileRef = 7B680A99259C9439003D5472 /* 26. Remove Duplicates from Sorted Array.swift */; };
		7B680A9E259C99A8003D5472 /* 27. Remove Element.swift in Sources */ = {isa = PBXBuildFile; fileRef = 7B680A9D259C99A8003D5472 /* 27. Remove Element.swift */; };
		7B680AA1259C9BB4003D5472 /* 977. Squares of a Sorted Array.swift in Sources */ = {isa = PBXBuildFile; fileRef = 7B680AA0259C9BB4003D5472 /* 977. Squares of a Sorted Array.swift */; };
		7B680AA4259D821D003D5472 /* 15. 3Sum.swift in Sources */ = {isa = PBXBuildFile; fileRef = 7B680AA3259D821C003D5472 /* 15. 3Sum.swift */; };
		7B71798F257830C4003F7378 /* 230. Kth Smallest Element in a BST.swift in Sources */ = {isa = PBXBuildFile; fileRef = 7B71798E257830C4003F7378 /* 230. Kth Smallest Element in a BST.swift */; };
		7B71799225783CB5003F7378 /* 285. Inorder Successor in BST.swift in Sources */ = {isa = PBXBuildFile; fileRef = 7B71799125783CB5003F7378 /* 285. Inorder Successor in BST.swift */; };
		7B7179952578F620003F7378 /* 102. Binary Tree Level Order Traversal.swift in Sources */ = {isa = PBXBuildFile; fileRef = 7B7179942578F620003F7378 /* 102. Binary Tree Level Order Traversal.swift */; };
		7B7179982578FFFF003F7378 /* 637. Average of Levels in Binary Tree.swift in Sources */ = {isa = PBXBuildFile; fileRef = 7B7179972578FFFF003F7378 /* 637. Average of Levels in Binary Tree.swift */; };
		7B71799C257901AC003F7378 /* 429. N-ary Tree Level Order Traversal.swift in Sources */ = {isa = PBXBuildFile; fileRef = 7B71799B257901AC003F7378 /* 429. N-ary Tree Level Order Traversal.swift */; };
		7B7179A025790238003F7378 /* NAryTreeNode.swift in Sources */ = {isa = PBXBuildFile; fileRef = 7B71799F25790238003F7378 /* NAryTreeNode.swift */; };
		7B7179A325790381003F7378 /* 589. N-ary Tree Preorder Traversal.swift in Sources */ = {isa = PBXBuildFile; fileRef = 7B7179A225790381003F7378 /* 589. N-ary Tree Preorder Traversal.swift */; };
		7B7179A6257907C7003F7378 /* 590. N-ary Tree Postorder Traversal.swift in Sources */ = {isa = PBXBuildFile; fileRef = 7B7179A5257907C7003F7378 /* 590. N-ary Tree Postorder Traversal.swift */; };
		7B7179AA2579F12C003F7378 /* 239. Sliding Window Maximum.swift in Sources */ = {isa = PBXBuildFile; fileRef = 7B7179A92579F12C003F7378 /* 239. Sliding Window Maximum.swift */; };
		7B7179AD25850839003F7378 /* 103. Binary Tree Zigzag Level Order Traversal.swift in Sources */ = {isa = PBXBuildFile; fileRef = 7B7179AC25850839003F7378 /* 103. Binary Tree Zigzag Level Order Traversal.swift */; };
		7B7179B025855FCE003F7378 /* 314. Binary Tree Vertical Order Traversal.swift in Sources */ = {isa = PBXBuildFile; fileRef = 7B7179AF25855FCE003F7378 /* 314. Binary Tree Vertical Order Traversal.swift */; };
		7B8EA60F256CBDF000F1F564 /* 1221. Split a String in Balanced Strings.swift in Sources */ = {isa = PBXBuildFile; fileRef = 7B8EA60E256CBDF000F1F564 /* 1221. Split a String in Balanced Strings.swift */; };
		7B8EA612256CDDF800F1F564 /* 94. Binary Tree Inorder Traversal.swift in Sources */ = {isa = PBXBuildFile; fileRef = 7B8EA611256CDDF800F1F564 /* 94. Binary Tree Inorder Traversal.swift */; };
		7B8EA615256CDF0300F1F564 /* TreeNode.swift in Sources */ = {isa = PBXBuildFile; fileRef = 7B8EA614256CDF0300F1F564 /* TreeNode.swift */; };
		7B8EA618256CE3DA00F1F564 /* BinarySearchTree.swift in Sources */ = {isa = PBXBuildFile; fileRef = 7B8EA617256CE3DA00F1F564 /* BinarySearchTree.swift */; };
		7B8EA61E256EF36100F1F564 /* 145. Binary Tree Postorder Traversal.swift in Sources */ = {isa = PBXBuildFile; fileRef = 7B8EA61D256EF36100F1F564 /* 145. Binary Tree Postorder Traversal.swift */; };
		7B8EA621256EF38800F1F564 /* 144. Binary Tree Preorder Traversal.swift in Sources */ = {isa = PBXBuildFile; fileRef = 7B8EA620256EF38800F1F564 /* 144. Binary Tree Preorder Traversal.swift */; };
/* End PBXBuildFile section */

/* Begin PBXCopyFilesBuildPhase section */
		7B324974256C6CF0001B4B6C /* CopyFiles */ = {
			isa = PBXCopyFilesBuildPhase;
			buildActionMask = 2147483647;
			dstPath = /usr/share/man/man1/;
			dstSubfolderSpec = 0;
			files = (
			);
			runOnlyForDeploymentPostprocessing = 1;
		};
/* End PBXCopyFilesBuildPhase section */

/* Begin PBXFileReference section */
		7B324976256C6CF0001B4B6C /* LeetCode-Solutions */ = {isa = PBXFileReference; explicitFileType = "compiled.mach-o.executable"; includeInIndex = 0; path = "LeetCode-Solutions"; sourceTree = BUILT_PRODUCTS_DIR; };
		7B324979256C6CF0001B4B6C /* main.swift */ = {isa = PBXFileReference; lastKnownFileType = sourcecode.swift; path = main.swift; sourceTree = "<group>"; };
		7B324993256C70C8001B4B6C /* 1089. Duplicate Zeros.swift */ = {isa = PBXFileReference; lastKnownFileType = sourcecode.swift; path = "1089. Duplicate Zeros.swift"; sourceTree = "<group>"; };
		7B324997256C72A4001B4B6C /* LCProblemManager.swift */ = {isa = PBXFileReference; lastKnownFileType = sourcecode.swift; path = LCProblemManager.swift; sourceTree = "<group>"; };
		7B610D73259D84190087293D /* 1. Two Sum.swift */ = {isa = PBXFileReference; lastKnownFileType = sourcecode.swift; path = "1. Two Sum.swift"; sourceTree = "<group>"; };
		7B610D76259FAAA50087293D /* 16. 3Sum Closest.swift */ = {isa = PBXFileReference; lastKnownFileType = sourcecode.swift; path = "16. 3Sum Closest.swift"; sourceTree = "<group>"; };
		7B610D7A259FB02A0087293D /* 259. 3Sum Smaller.swift */ = {isa = PBXFileReference; lastKnownFileType = sourcecode.swift; path = "259. 3Sum Smaller.swift"; sourceTree = "<group>"; };
		7B610D7D259FFFBA0087293D /* 1099. Two Sum Less Than K.swift */ = {isa = PBXFileReference; lastKnownFileType = sourcecode.swift; path = "1099. Two Sum Less Than K.swift"; sourceTree = "<group>"; };
		7B610D8025A05B870087293D /* SinglyLinkedListNode.swift */ = {isa = PBXFileReference; lastKnownFileType = sourcecode.swift; path = SinglyLinkedListNode.swift; sourceTree = "<group>"; };
		7B610D8325A05DDD0087293D /* 2. Add Two Numbers.swift */ = {isa = PBXFileReference; lastKnownFileType = sourcecode.swift; path = "2. Add Two Numbers.swift"; sourceTree = "<group>"; };
		7B610D8725A2B9880087293D /* 30. Substring with Concatenation of All Words.swift */ = {isa = PBXFileReference; lastKnownFileType = sourcecode.swift; path = "30. Substring with Concatenation of All Words.swift"; sourceTree = "<group>"; };
		7B610D8A25AC090B0087293D /* 243. Shortest Word Distance.swift */ = {isa = PBXFileReference; lastKnownFileType = sourcecode.swift; path = "243. Shortest Word Distance.swift"; sourceTree = "<group>"; };
		7B610D8D25AC0DAB0087293D /* 244. Shortest Word Distance II.swift */ = {isa = PBXFileReference; lastKnownFileType = sourcecode.swift; path = "244. Shortest Word Distance II.swift"; sourceTree = "<group>"; };
		7B610D9025AC16A10087293D /* 245. Shortest Word Distance III.swift */ = {isa = PBXFileReference; lastKnownFileType = sourcecode.swift; path = "245. Shortest Word Distance III.swift"; sourceTree = "<group>"; };
		7B680A4D25859310003D5472 /* 111. Minimum Depth of Binary Tree.swift */ = {isa = PBXFileReference; lastKnownFileType = sourcecode.swift; path = "111. Minimum Depth of Binary Tree.swift"; sourceTree = "<group>"; };
		7B680A50258598D6003D5472 /* 104. Maximum Depth of Binary Tree.swift */ = {isa = PBXFileReference; lastKnownFileType = sourcecode.swift; path = "104. Maximum Depth of Binary Tree.swift"; sourceTree = "<group>"; };
		7B680A58258DBF39003D5472 /* PlayaroundWithConcepts.swift */ = {isa = PBXFileReference; lastKnownFileType = sourcecode.swift; path = PlayaroundWithConcepts.swift; sourceTree = "<group>"; };
		7B680A5B258DE621003D5472 /* 199. Binary Tree Right Side View.swift */ = {isa = PBXFileReference; lastKnownFileType = sourcecode.swift; path = "199. Binary Tree Right Side View.swift"; sourceTree = "<group>"; };
		7B680A5E258DE954003D5472 /* 545. Boundary of Binary Tree.swift */ = {isa = PBXFileReference; lastKnownFileType = sourcecode.swift; path = "545. Boundary of Binary Tree.swift"; sourceTree = "<group>"; };
		7B680A61258E1439003D5472 /* 112. Path Sum.swift */ = {isa = PBXFileReference; lastKnownFileType = sourcecode.swift; path = "112. Path Sum.swift"; sourceTree = "<group>"; };
		7B680A642591569B003D5472 /* 113. Path Sum II.swift */ = {isa = PBXFileReference; lastKnownFileType = sourcecode.swift; path = "113. Path Sum II.swift"; sourceTree = "<group>"; };
		7B680A672591A00D003D5472 /* 257. Binary Tree Paths.swift */ = {isa = PBXFileReference; lastKnownFileType = sourcecode.swift; path = "257. Binary Tree Paths.swift"; sourceTree = "<group>"; };
		7B680A6A25927F95003D5472 /* 53. Maximum Subarray.swift */ = {isa = PBXFileReference; lastKnownFileType = sourcecode.swift; path = "53. Maximum Subarray.swift"; sourceTree = "<group>"; };
		7B680A6D25948DD5003D5472 /* 523. Continuous Subarray Sum.swift */ = {isa = PBXFileReference; lastKnownFileType = sourcecode.swift; path = "523. Continuous Subarray Sum.swift"; sourceTree = "<group>"; };
		7B680A7025950951003D5472 /* 340. Longest Substring with At Most K Distinct Characters.swift */ = {isa = PBXFileReference; lastKnownFileType = sourcecode.swift; path = "340. Longest Substring with At Most K Distinct Characters.swift"; sourceTree = "<group>"; };
		7B680A7325953815003D5472 /* 159. Longest Substring with At Most Two Distinct Characters.swift */ = {isa = PBXFileReference; lastKnownFileType = sourcecode.swift; path = "159. Longest Substring with At Most Two Distinct Characters.swift"; sourceTree = "<group>"; };
		7B680A772595591E003D5472 /* 560. Subarray Sum Equals K.swift */ = {isa = PBXFileReference; lastKnownFileType = sourcecode.swift; path = "560. Subarray Sum Equals K.swift"; sourceTree = "<group>"; };
		7B680A7A2597523A003D5472 /* 3. Longest Substring Without Repeating Characters.swift */ = {isa = PBXFileReference; lastKnownFileType = sourcecode.swift; path = "3. Longest Substring Without Repeating Characters.swift"; sourceTree = "<group>"; };
		7B680A7E2597E4BF003D5472 /* 424. Longest Repeating Character Replacement.swift */ = {isa = PBXFileReference; lastKnownFileType = sourcecode.swift; path = "424. Longest Repeating Character Replacement.swift"; sourceTree = "<group>"; };
		7B680A8125980D04003D5472 /* 1004. Max Consecutive Ones III.swift */ = {isa = PBXFileReference; lastKnownFileType = sourcecode.swift; path = "1004. Max Consecutive Ones III.swift"; sourceTree = "<group>"; };
		7B680A8425981782003D5472 /* 487. Max Consecutive Ones II.swift */ = {isa = PBXFileReference; lastKnownFileType = sourcecode.swift; path = "487. Max Consecutive Ones II.swift"; sourceTree = "<group>"; };
		7B680A882599E098003D5472 /* 567. Permutation in String.swift */ = {isa = PBXFileReference; lastKnownFileType = sourcecode.swift; path = "567. Permutation in String.swift"; sourceTree = "<group>"; };
		7B680A8B2599F706003D5472 /* 438. Find All Anagrams in a String.swift */ = {isa = PBXFileReference; lastKnownFileType = sourcecode.swift; path = "438. Find All Anagrams in a String.swift"; sourceTree = "<group>"; };
		7B680A8E2599FABC003D5472 /* 242. Valid Anagram.swift */ = {isa = PBXFileReference; lastKnownFileType = sourcecode.swift; path = "242. Valid Anagram.swift"; sourceTree = "<group>"; };
		7B680A922599FEDA003D5472 /* 76. Minimum Window Substring.swift */ = {isa = PBXFileReference; lastKnownFileType = sourcecode.swift; path = "76. Minimum Window Substring.swift"; sourceTree = "<group>"; };
		7B680A95259C8DEC003D5472 /* 167. Two Sum II - Input array is sorted.swift */ = {isa = PBXFileReference; lastKnownFileType = sourcecode.swift; path = "167. Two Sum II - Input array is sorted.swift"; sourceTree = "<group>"; };
		7B680A99259C9439003D5472 /* 26. Remove Duplicates from Sorted Array.swift */ = {isa = PBXFileReference; lastKnownFileType = sourcecode.swift; path = "26. Remove Duplicates from Sorted Array.swift"; sourceTree = "<group>"; };
		7B680A9D259C99A8003D5472 /* 27. Remove Element.swift */ = {isa = PBXFileReference; lastKnownFileType = sourcecode.swift; path = "27. Remove Element.swift"; sourceTree = "<group>"; };
		7B680AA0259C9BB4003D5472 /* 977. Squares of a Sorted Array.swift */ = {isa = PBXFileReference; lastKnownFileType = sourcecode.swift; path = "977. Squares of a Sorted Array.swift"; sourceTree = "<group>"; };
		7B680AA3259D821C003D5472 /* 15. 3Sum.swift */ = {isa = PBXFileReference; lastKnownFileType = sourcecode.swift; path = "15. 3Sum.swift"; sourceTree = "<group>"; };
		7B71798E257830C4003F7378 /* 230. Kth Smallest Element in a BST.swift */ = {isa = PBXFileReference; lastKnownFileType = sourcecode.swift; path = "230. Kth Smallest Element in a BST.swift"; sourceTree = "<group>"; };
		7B71799125783CB5003F7378 /* 285. Inorder Successor in BST.swift */ = {isa = PBXFileReference; lastKnownFileType = sourcecode.swift; path = "285. Inorder Successor in BST.swift"; sourceTree = "<group>"; };
		7B7179942578F620003F7378 /* 102. Binary Tree Level Order Traversal.swift */ = {isa = PBXFileReference; lastKnownFileType = sourcecode.swift; path = "102. Binary Tree Level Order Traversal.swift"; sourceTree = "<group>"; };
		7B7179972578FFFF003F7378 /* 637. Average of Levels in Binary Tree.swift */ = {isa = PBXFileReference; lastKnownFileType = sourcecode.swift; path = "637. Average of Levels in Binary Tree.swift"; sourceTree = "<group>"; };
		7B71799B257901AC003F7378 /* 429. N-ary Tree Level Order Traversal.swift */ = {isa = PBXFileReference; lastKnownFileType = sourcecode.swift; path = "429. N-ary Tree Level Order Traversal.swift"; sourceTree = "<group>"; };
		7B71799F25790238003F7378 /* NAryTreeNode.swift */ = {isa = PBXFileReference; lastKnownFileType = sourcecode.swift; path = NAryTreeNode.swift; sourceTree = "<group>"; };
		7B7179A225790381003F7378 /* 589. N-ary Tree Preorder Traversal.swift */ = {isa = PBXFileReference; lastKnownFileType = sourcecode.swift; path = "589. N-ary Tree Preorder Traversal.swift"; sourceTree = "<group>"; };
		7B7179A5257907C7003F7378 /* 590. N-ary Tree Postorder Traversal.swift */ = {isa = PBXFileReference; lastKnownFileType = sourcecode.swift; path = "590. N-ary Tree Postorder Traversal.swift"; sourceTree = "<group>"; };
		7B7179A92579F12C003F7378 /* 239. Sliding Window Maximum.swift */ = {isa = PBXFileReference; lastKnownFileType = sourcecode.swift; path = "239. Sliding Window Maximum.swift"; sourceTree = "<group>"; };
		7B7179AC25850839003F7378 /* 103. Binary Tree Zigzag Level Order Traversal.swift */ = {isa = PBXFileReference; lastKnownFileType = sourcecode.swift; path = "103. Binary Tree Zigzag Level Order Traversal.swift"; sourceTree = "<group>"; };
		7B7179AF25855FCE003F7378 /* 314. Binary Tree Vertical Order Traversal.swift */ = {isa = PBXFileReference; lastKnownFileType = sourcecode.swift; path = "314. Binary Tree Vertical Order Traversal.swift"; sourceTree = "<group>"; };
		7B8EA60E256CBDF000F1F564 /* 1221. Split a String in Balanced Strings.swift */ = {isa = PBXFileReference; lastKnownFileType = sourcecode.swift; path = "1221. Split a String in Balanced Strings.swift"; sourceTree = "<group>"; };
		7B8EA611256CDDF800F1F564 /* 94. Binary Tree Inorder Traversal.swift */ = {isa = PBXFileReference; lastKnownFileType = sourcecode.swift; path = "94. Binary Tree Inorder Traversal.swift"; sourceTree = "<group>"; };
		7B8EA614256CDF0300F1F564 /* TreeNode.swift */ = {isa = PBXFileReference; lastKnownFileType = sourcecode.swift; path = TreeNode.swift; sourceTree = "<group>"; };
		7B8EA617256CE3DA00F1F564 /* BinarySearchTree.swift */ = {isa = PBXFileReference; lastKnownFileType = sourcecode.swift; name = BinarySearchTree.swift; path = "LeetCode-Solutions/Binary Search Tree/BinarySearchTree.swift"; sourceTree = SOURCE_ROOT; };
		7B8EA61D256EF36100F1F564 /* 145. Binary Tree Postorder Traversal.swift */ = {isa = PBXFileReference; lastKnownFileType = sourcecode.swift; path = "145. Binary Tree Postorder Traversal.swift"; sourceTree = "<group>"; };
		7B8EA620256EF38800F1F564 /* 144. Binary Tree Preorder Traversal.swift */ = {isa = PBXFileReference; lastKnownFileType = sourcecode.swift; path = "144. Binary Tree Preorder Traversal.swift"; sourceTree = "<group>"; };
/* End PBXFileReference section */

/* Begin PBXFrameworksBuildPhase section */
		7B324973256C6CF0001B4B6C /* Frameworks */ = {
			isa = PBXFrameworksBuildPhase;
			buildActionMask = 2147483647;
			files = (
			);
			runOnlyForDeploymentPostprocessing = 0;
		};
/* End PBXFrameworksBuildPhase section */

/* Begin PBXGroup section */
		7B32496D256C6CF0001B4B6C = {
			isa = PBXGroup;
			children = (
				7B324979256C6CF0001B4B6C /* main.swift */,
				7B680A57258DBF1A003D5472 /* Playaround With Concepts */,
				7B324978256C6CF0001B4B6C /* LeetCode-Solutions */,
				7B324977256C6CF0001B4B6C /* Products */,
			);
			sourceTree = "<group>";
		};
		7B324977256C6CF0001B4B6C /* Products */ = {
			isa = PBXGroup;
			children = (
				7B324976256C6CF0001B4B6C /* LeetCode-Solutions */,
			);
			name = Products;
			sourceTree = "<group>";
		};
		7B324978256C6CF0001B4B6C /* LeetCode-Solutions */ = {
			isa = PBXGroup;
			children = (
				7B324997256C72A4001B4B6C /* LCProblemManager.swift */,
				7B8EA61B256CE61900F1F564 /* Binary Search Tree */,
				7B324986256C6EC7001B4B6C /* Binary Tree */,
				7B324985256C6EBA001B4B6C /* Strings */,
				7B324984256C6EAB001B4B6C /* Linked List */,
				7B324982256C6E90001B4B6C /* Arrays */,
			);
			path = "LeetCode-Solutions";
			sourceTree = "<group>";
		};
		7B324982256C6E90001B4B6C /* Arrays */ = {
			isa = PBXGroup;
			children = (
				7B324992256C6F96001B4B6C /* Hard */,
				7B324991256C6F91001B4B6C /* Medium */,
				7B324990256C6F8C001B4B6C /* Easy */,
			);
			path = Arrays;
			sourceTree = "<group>";
		};
		7B324984256C6EAB001B4B6C /* Linked List */ = {
			isa = PBXGroup;
			children = (
				7B610D8025A05B870087293D /* SinglyLinkedListNode.swift */,
				7B32498F256C6F84001B4B6C /* Hard */,
				7B32498E256C6F7C001B4B6C /* Medium */,
				7B32498D256C6F76001B4B6C /* Easy */,
			);
			path = "Linked List";
			sourceTree = "<group>";
		};
		7B324985256C6EBA001B4B6C /* Strings */ = {
			isa = PBXGroup;
			children = (
				7B32498C256C6F6E001B4B6C /* Hard */,
				7B32498B256C6F67001B4B6C /* Medium */,
				7B32498A256C6F61001B4B6C /* Easy */,
			);
			path = Strings;
			sourceTree = "<group>";
		};
		7B324986256C6EC7001B4B6C /* Binary Tree */ = {
			isa = PBXGroup;
			children = (
				7B8EA614256CDF0300F1F564 /* TreeNode.swift */,
				7B71799F25790238003F7378 /* NAryTreeNode.swift */,
				7B324989256C6F4D001B4B6C /* Hard */,
				7B324988256C6F46001B4B6C /* Medium */,
				7B324987256C6F3E001B4B6C /* Easy */,
			);
			path = "Binary Tree";
			sourceTree = "<group>";
		};
		7B324987256C6F3E001B4B6C /* Easy */ = {
			isa = PBXGroup;
			children = (
				7B680A50258598D6003D5472 /* 104. Maximum Depth of Binary Tree.swift */,
				7B680A4D25859310003D5472 /* 111. Minimum Depth of Binary Tree.swift */,
				7B680A61258E1439003D5472 /* 112. Path Sum.swift */,
				7B680A672591A00D003D5472 /* 257. Binary Tree Paths.swift */,
				7B7179972578FFFF003F7378 /* 637. Average of Levels in Binary Tree.swift */,
				7B7179A225790381003F7378 /* 589. N-ary Tree Preorder Traversal.swift */,
				7B7179A5257907C7003F7378 /* 590. N-ary Tree Postorder Traversal.swift */,
			);
			path = Easy;
			sourceTree = "<group>";
		};
		7B324988256C6F46001B4B6C /* Medium */ = {
			isa = PBXGroup;
			children = (
				7B8EA611256CDDF800F1F564 /* 94. Binary Tree Inorder Traversal.swift */,
				7B7179942578F620003F7378 /* 102. Binary Tree Level Order Traversal.swift */,
				7B7179AC25850839003F7378 /* 103. Binary Tree Zigzag Level Order Traversal.swift */,
				7B680A642591569B003D5472 /* 113. Path Sum II.swift */,
				7B8EA620256EF38800F1F564 /* 144. Binary Tree Preorder Traversal.swift */,
				7B8EA61D256EF36100F1F564 /* 145. Binary Tree Postorder Traversal.swift */,
				7B680A5B258DE621003D5472 /* 199. Binary Tree Right Side View.swift */,
				7B71798E257830C4003F7378 /* 230. Kth Smallest Element in a BST.swift */,
				7B71799125783CB5003F7378 /* 285. Inorder Successor in BST.swift */,
				7B7179AF25855FCE003F7378 /* 314. Binary Tree Vertical Order Traversal.swift */,
				7B71799B257901AC003F7378 /* 429. N-ary Tree Level Order Traversal.swift */,
				7B680A5E258DE954003D5472 /* 545. Boundary of Binary Tree.swift */,
			);
			path = Medium;
			sourceTree = "<group>";
		};
		7B324989256C6F4D001B4B6C /* Hard */ = {
			isa = PBXGroup;
			children = (
			);
			path = Hard;
			sourceTree = "<group>";
		};
		7B32498A256C6F61001B4B6C /* Easy */ = {
			isa = PBXGroup;
			children = (
				7B680A8E2599FABC003D5472 /* 242. Valid Anagram.swift */,
				7B8EA60E256CBDF000F1F564 /* 1221. Split a String in Balanced Strings.swift */,
			);
			path = Easy;
			sourceTree = "<group>";
		};
		7B32498B256C6F67001B4B6C /* Medium */ = {
			isa = PBXGroup;
			children = (
				7B680A7A2597523A003D5472 /* 3. Longest Substring Without Repeating Characters.swift */,
				7B680A7325953815003D5472 /* 159. Longest Substring with At Most Two Distinct Characters.swift */,
				7B680A7E2597E4BF003D5472 /* 424. Longest Repeating Character Replacement.swift */,
				7B680A8B2599F706003D5472 /* 438. Find All Anagrams in a String.swift */,
				7B680A882599E098003D5472 /* 567. Permutation in String.swift */,
			);
			path = Medium;
			sourceTree = "<group>";
		};
		7B32498C256C6F6E001B4B6C /* Hard */ = {
			isa = PBXGroup;
			children = (
				7B680A922599FEDA003D5472 /* 76. Minimum Window Substring.swift */,
				7B610D8725A2B9880087293D /* 30. Substring with Concatenation of All Words.swift */,
				7B680A7025950951003D5472 /* 340. Longest Substring with At Most K Distinct Characters.swift */,
			);
			path = Hard;
			sourceTree = "<group>";
		};
		7B32498D256C6F76001B4B6C /* Easy */ = {
			isa = PBXGroup;
			children = (
			);
			path = Easy;
			sourceTree = "<group>";
		};
		7B32498E256C6F7C001B4B6C /* Medium */ = {
			isa = PBXGroup;
			children = (
				7B610D8325A05DDD0087293D /* 2. Add Two Numbers.swift */,
			);
			path = Medium;
			sourceTree = "<group>";
		};
		7B32498F256C6F84001B4B6C /* Hard */ = {
			isa = PBXGroup;
			children = (
			);
			path = Hard;
			sourceTree = "<group>";
		};
		7B324990256C6F8C001B4B6C /* Easy */ = {
			isa = PBXGroup;
			children = (
				7B610D73259D84190087293D /* 1. Two Sum.swift */,
				7B680A99259C9439003D5472 /* 26. Remove Duplicates from Sorted Array.swift */,
				7B680A9D259C99A8003D5472 /* 27. Remove Element.swift */,
				7B680A6A25927F95003D5472 /* 53. Maximum Subarray.swift */,
				7B680A95259C8DEC003D5472 /* 167. Two Sum II - Input array is sorted.swift */,
				7B610D8A25AC090B0087293D /* 243. Shortest Word Distance.swift */,
				7B680AA0259C9BB4003D5472 /* 977. Squares of a Sorted Array.swift */,
				7B324993256C70C8001B4B6C /* 1089. Duplicate Zeros.swift */,
				7B610D7D259FFFBA0087293D /* 1099. Two Sum Less Than K.swift */,
			);
			path = Easy;
			sourceTree = "<group>";
		};
		7B324991256C6F91001B4B6C /* Medium */ = {
			isa = PBXGroup;
			children = (
				7B680AA3259D821C003D5472 /* 15. 3Sum.swift */,
				7B610D76259FAAA50087293D /* 16. 3Sum Closest.swift */,
				7B610D8D25AC0DAB0087293D /* 244. Shortest Word Distance II.swift */,
				7B610D9025AC16A10087293D /* 245. Shortest Word Distance III.swift */,
				7B610D7A259FB02A0087293D /* 259. 3Sum Smaller.swift */,
				7B680A8425981782003D5472 /* 487. Max Consecutive Ones II.swift */,
				7B680A6D25948DD5003D5472 /* 523. Continuous Subarray Sum.swift */,
				7B680A772595591E003D5472 /* 560. Subarray Sum Equals K.swift */,
				7B680A8125980D04003D5472 /* 1004. Max Consecutive Ones III.swift */,
			);
			path = Medium;
			sourceTree = "<group>";
		};
		7B324992256C6F96001B4B6C /* Hard */ = {
			isa = PBXGroup;
			children = (
				7B7179A92579F12C003F7378 /* 239. Sliding Window Maximum.swift */,
			);
			path = Hard;
			sourceTree = "<group>";
		};
		7B680A57258DBF1A003D5472 /* Playaround With Concepts */ = {
			isa = PBXGroup;
			children = (
				7B680A58258DBF39003D5472 /* PlayaroundWithConcepts.swift */,
			);
			path = "Playaround With Concepts";
			sourceTree = "<group>";
		};
		7B8EA61B256CE61900F1F564 /* Binary Search Tree */ = {
			isa = PBXGroup;
			children = (
				7B8EA617256CE3DA00F1F564 /* BinarySearchTree.swift */,
			);
			path = "Binary Search Tree";
			sourceTree = "<group>";
		};
/* End PBXGroup section */

/* Begin PBXNativeTarget section */
		7B324975256C6CF0001B4B6C /* LeetCode-Solutions */ = {
			isa = PBXNativeTarget;
			buildConfigurationList = 7B32497D256C6CF0001B4B6C /* Build configuration list for PBXNativeTarget "LeetCode-Solutions" */;
			buildPhases = (
				7B324972256C6CF0001B4B6C /* Sources */,
				7B324973256C6CF0001B4B6C /* Frameworks */,
				7B324974256C6CF0001B4B6C /* CopyFiles */,
			);
			buildRules = (
			);
			dependencies = (
			);
			name = "LeetCode-Solutions";
			productName = "LeetCode-Solutions";
			productReference = 7B324976256C6CF0001B4B6C /* LeetCode-Solutions */;
			productType = "com.apple.product-type.tool";
		};
/* End PBXNativeTarget section */

/* Begin PBXProject section */
		7B32496E256C6CF0001B4B6C /* Project object */ = {
			isa = PBXProject;
			attributes = {
				LastSwiftUpdateCheck = 1220;
				LastUpgradeCheck = 1220;
				TargetAttributes = {
					7B324975256C6CF0001B4B6C = {
						CreatedOnToolsVersion = 12.2;
					};
				};
			};
			buildConfigurationList = 7B324971256C6CF0001B4B6C /* Build configuration list for PBXProject "LeetCode-Solutions" */;
			compatibilityVersion = "Xcode 9.3";
			developmentRegion = en;
			hasScannedForEncodings = 0;
			knownRegions = (
				en,
				Base,
			);
			mainGroup = 7B32496D256C6CF0001B4B6C;
			productRefGroup = 7B324977256C6CF0001B4B6C /* Products */;
			projectDirPath = "";
			projectRoot = "";
			targets = (
				7B324975256C6CF0001B4B6C /* LeetCode-Solutions */,
			);
		};
/* End PBXProject section */

/* Begin PBXSourcesBuildPhase section */
		7B324972256C6CF0001B4B6C /* Sources */ = {
			isa = PBXSourcesBuildPhase;
			buildActionMask = 2147483647;
			files = (
				7B680A51258598D6003D5472 /* 104. Maximum Depth of Binary Tree.swift in Sources */,
				7B8EA61E256EF36100F1F564 /* 145. Binary Tree Postorder Traversal.swift in Sources */,
				7B610D8B25AC090B0087293D /* 243. Shortest Word Distance.swift in Sources */,
				7B610D8425A05DDD0087293D /* 2. Add Two Numbers.swift in Sources */,
				7B680A932599FEDA003D5472 /* 76. Minimum Window Substring.swift in Sources */,
				7B680A7425953815003D5472 /* 159. Longest Substring with At Most Two Distinct Characters.swift in Sources */,
				7B7179A025790238003F7378 /* NAryTreeNode.swift in Sources */,
				7B8EA612256CDDF800F1F564 /* 94. Binary Tree Inorder Traversal.swift in Sources */,
				7B680A8F2599FABC003D5472 /* 242. Valid Anagram.swift in Sources */,
				7B610D8125A05B870087293D /* SinglyLinkedListNode.swift in Sources */,
				7B680AA4259D821D003D5472 /* 15. 3Sum.swift in Sources */,
				7B680A682591A00D003D5472 /* 257. Binary Tree Paths.swift in Sources */,
				7B680A96259C8DEC003D5472 /* 167. Two Sum II - Input array is sorted.swift in Sources */,
				7B680A8525981782003D5472 /* 487. Max Consecutive Ones II.swift in Sources */,
				7B610D8825A2B9880087293D /* 30. Substring with Concatenation of All Words.swift in Sources */,
				7B680A9E259C99A8003D5472 /* 27. Remove Element.swift in Sources */,
				7B8EA60F256CBDF000F1F564 /* 1221. Split a String in Balanced Strings.swift in Sources */,
				7B324994256C70C8001B4B6C /* 1089. Duplicate Zeros.swift in Sources */,
				7B680A7F2597E4C0003D5472 /* 424. Longest Repeating Character Replacement.swift in Sources */,
				7B680A4E25859310003D5472 /* 111. Minimum Depth of Binary Tree.swift in Sources */,
				7B680A7B2597523B003D5472 /* 3. Longest Substring Without Repeating Characters.swift in Sources */,
				7B610D7E259FFFBA0087293D /* 1099. Two Sum Less Than K.swift in Sources */,
				7B7179A325790381003F7378 /* 589. N-ary Tree Preorder Traversal.swift in Sources */,
				7B7179A6257907C7003F7378 /* 590. N-ary Tree Postorder Traversal.swift in Sources */,
				7B680A6E25948DD6003D5472 /* 523. Continuous Subarray Sum.swift in Sources */,
				7B7179B025855FCE003F7378 /* 314. Binary Tree Vertical Order Traversal.swift in Sources */,
				7B680A892599E098003D5472 /* 567. Permutation in String.swift in Sources */,
				7B71799C257901AC003F7378 /* 429. N-ary Tree Level Order Traversal.swift in Sources */,
				7B680A59258DBF39003D5472 /* PlayaroundWithConcepts.swift in Sources */,
				7B680A7125950951003D5472 /* 340. Longest Substring with At Most K Distinct Characters.swift in Sources */,
				7B610D7B259FB02A0087293D /* 259. 3Sum Smaller.swift in Sources */,
				7B680A652591569B003D5472 /* 113. Path Sum II.swift in Sources */,
				7B680A62258E1439003D5472 /* 112. Path Sum.swift in Sources */,
				7B610D74259D84190087293D /* 1. Two Sum.swift in Sources */,
				7B8EA618256CE3DA00F1F564 /* BinarySearchTree.swift in Sources */,
				7B680A5F258DE954003D5472 /* 545. Boundary of Binary Tree.swift in Sources */,
				7B7179AD25850839003F7378 /* 103. Binary Tree Zigzag Level Order Traversal.swift in Sources */,
				7B680A9A259C9439003D5472 /* 26. Remove Duplicates from Sorted Array.swift in Sources */,
				7B680A782595591E003D5472 /* 560. Subarray Sum Equals K.swift in Sources */,
				7B610D9125AC16A10087293D /* 245. Shortest Word Distance III.swift in Sources */,
				7B680A8225980D04003D5472 /* 1004. Max Consecutive Ones III.swift in Sources */,
				7B7179952578F620003F7378 /* 102. Binary Tree Level Order Traversal.swift in Sources */,
				7B680A6B25927F95003D5472 /* 53. Maximum Subarray.swift in Sources */,
				7B7179982578FFFF003F7378 /* 637. Average of Levels in Binary Tree.swift in Sources */,
				7B32497A256C6CF0001B4B6C /* main.swift in Sources */,
				7B680AA1259C9BB4003D5472 /* 977. Squares of a Sorted Array.swift in Sources */,
				7B7179AA2579F12C003F7378 /* 239. Sliding Window Maximum.swift in Sources */,
				7B71799225783CB5003F7378 /* 285. Inorder Successor in BST.swift in Sources */,
				7B610D8E25AC0DAB0087293D /* 244. Shortest Word Distance II.swift in Sources */,
				7B8EA621256EF38800F1F564 /* 144. Binary Tree Preorder Traversal.swift in Sources */,
				7B71798F257830C4003F7378 /* 230. Kth Smallest Element in a BST.swift in Sources */,
				7B610D77259FAAA50087293D /* 16. 3Sum Closest.swift in Sources */,
				7B680A5C258DE621003D5472 /* 199. Binary Tree Right Side View.swift in Sources */,
				7B324998256C72A4001B4B6C /* LCProblemManager.swift in Sources */,
				7B8EA615256CDF0300F1F564 /* TreeNode.swift in Sources */,
				7B680A8C2599F706003D5472 /* 438. Find All Anagrams in a String.swift in Sources */,
			);
			runOnlyForDeploymentPostprocessing = 0;
		};
/* End PBXSourcesBuildPhase section */

/* Begin XCBuildConfiguration section */
		7B32497B256C6CF0001B4B6C /* Debug */ = {
			isa = XCBuildConfiguration;
			buildSettings = {
				ALWAYS_SEARCH_USER_PATHS = NO;
				CLANG_ANALYZER_NONNULL = YES;
				CLANG_ANALYZER_NUMBER_OBJECT_CONVERSION = YES_AGGRESSIVE;
				CLANG_CXX_LANGUAGE_STANDARD = "gnu++14";
				CLANG_CXX_LIBRARY = "libc++";
				CLANG_ENABLE_MODULES = YES;
				CLANG_ENABLE_OBJC_ARC = YES;
				CLANG_ENABLE_OBJC_WEAK = YES;
				CLANG_WARN_BLOCK_CAPTURE_AUTORELEASING = YES;
				CLANG_WARN_BOOL_CONVERSION = YES;
				CLANG_WARN_COMMA = YES;
				CLANG_WARN_CONSTANT_CONVERSION = YES;
				CLANG_WARN_DEPRECATED_OBJC_IMPLEMENTATIONS = YES;
				CLANG_WARN_DIRECT_OBJC_ISA_USAGE = YES_ERROR;
				CLANG_WARN_DOCUMENTATION_COMMENTS = YES;
				CLANG_WARN_EMPTY_BODY = YES;
				CLANG_WARN_ENUM_CONVERSION = YES;
				CLANG_WARN_INFINITE_RECURSION = YES;
				CLANG_WARN_INT_CONVERSION = YES;
				CLANG_WARN_NON_LITERAL_NULL_CONVERSION = YES;
				CLANG_WARN_OBJC_IMPLICIT_RETAIN_SELF = YES;
				CLANG_WARN_OBJC_LITERAL_CONVERSION = YES;
				CLANG_WARN_OBJC_ROOT_CLASS = YES_ERROR;
				CLANG_WARN_QUOTED_INCLUDE_IN_FRAMEWORK_HEADER = YES;
				CLANG_WARN_RANGE_LOOP_ANALYSIS = YES;
				CLANG_WARN_STRICT_PROTOTYPES = YES;
				CLANG_WARN_SUSPICIOUS_MOVE = YES;
				CLANG_WARN_UNGUARDED_AVAILABILITY = YES_AGGRESSIVE;
				CLANG_WARN_UNREACHABLE_CODE = YES;
				CLANG_WARN__DUPLICATE_METHOD_MATCH = YES;
				COPY_PHASE_STRIP = NO;
				DEBUG_INFORMATION_FORMAT = dwarf;
				ENABLE_STRICT_OBJC_MSGSEND = YES;
				ENABLE_TESTABILITY = YES;
				GCC_C_LANGUAGE_STANDARD = gnu11;
				GCC_DYNAMIC_NO_PIC = NO;
				GCC_NO_COMMON_BLOCKS = YES;
				GCC_OPTIMIZATION_LEVEL = 0;
				GCC_PREPROCESSOR_DEFINITIONS = (
					"DEBUG=1",
					"$(inherited)",
				);
				GCC_WARN_64_TO_32_BIT_CONVERSION = YES;
				GCC_WARN_ABOUT_RETURN_TYPE = YES_ERROR;
				GCC_WARN_UNDECLARED_SELECTOR = YES;
				GCC_WARN_UNINITIALIZED_AUTOS = YES_AGGRESSIVE;
				GCC_WARN_UNUSED_FUNCTION = YES;
				GCC_WARN_UNUSED_VARIABLE = YES;
				MACOSX_DEPLOYMENT_TARGET = 11.0;
				MTL_ENABLE_DEBUG_INFO = INCLUDE_SOURCE;
				MTL_FAST_MATH = YES;
				ONLY_ACTIVE_ARCH = YES;
				SDKROOT = macosx;
				SWIFT_ACTIVE_COMPILATION_CONDITIONS = DEBUG;
				SWIFT_OPTIMIZATION_LEVEL = "-Onone";
			};
			name = Debug;
		};
		7B32497C256C6CF0001B4B6C /* Release */ = {
			isa = XCBuildConfiguration;
			buildSettings = {
				ALWAYS_SEARCH_USER_PATHS = NO;
				CLANG_ANALYZER_NONNULL = YES;
				CLANG_ANALYZER_NUMBER_OBJECT_CONVERSION = YES_AGGRESSIVE;
				CLANG_CXX_LANGUAGE_STANDARD = "gnu++14";
				CLANG_CXX_LIBRARY = "libc++";
				CLANG_ENABLE_MODULES = YES;
				CLANG_ENABLE_OBJC_ARC = YES;
				CLANG_ENABLE_OBJC_WEAK = YES;
				CLANG_WARN_BLOCK_CAPTURE_AUTORELEASING = YES;
				CLANG_WARN_BOOL_CONVERSION = YES;
				CLANG_WARN_COMMA = YES;
				CLANG_WARN_CONSTANT_CONVERSION = YES;
				CLANG_WARN_DEPRECATED_OBJC_IMPLEMENTATIONS = YES;
				CLANG_WARN_DIRECT_OBJC_ISA_USAGE = YES_ERROR;
				CLANG_WARN_DOCUMENTATION_COMMENTS = YES;
				CLANG_WARN_EMPTY_BODY = YES;
				CLANG_WARN_ENUM_CONVERSION = YES;
				CLANG_WARN_INFINITE_RECURSION = YES;
				CLANG_WARN_INT_CONVERSION = YES;
				CLANG_WARN_NON_LITERAL_NULL_CONVERSION = YES;
				CLANG_WARN_OBJC_IMPLICIT_RETAIN_SELF = YES;
				CLANG_WARN_OBJC_LITERAL_CONVERSION = YES;
				CLANG_WARN_OBJC_ROOT_CLASS = YES_ERROR;
				CLANG_WARN_QUOTED_INCLUDE_IN_FRAMEWORK_HEADER = YES;
				CLANG_WARN_RANGE_LOOP_ANALYSIS = YES;
				CLANG_WARN_STRICT_PROTOTYPES = YES;
				CLANG_WARN_SUSPICIOUS_MOVE = YES;
				CLANG_WARN_UNGUARDED_AVAILABILITY = YES_AGGRESSIVE;
				CLANG_WARN_UNREACHABLE_CODE = YES;
				CLANG_WARN__DUPLICATE_METHOD_MATCH = YES;
				COPY_PHASE_STRIP = NO;
				DEBUG_INFORMATION_FORMAT = "dwarf-with-dsym";
				ENABLE_NS_ASSERTIONS = NO;
				ENABLE_STRICT_OBJC_MSGSEND = YES;
				GCC_C_LANGUAGE_STANDARD = gnu11;
				GCC_NO_COMMON_BLOCKS = YES;
				GCC_WARN_64_TO_32_BIT_CONVERSION = YES;
				GCC_WARN_ABOUT_RETURN_TYPE = YES_ERROR;
				GCC_WARN_UNDECLARED_SELECTOR = YES;
				GCC_WARN_UNINITIALIZED_AUTOS = YES_AGGRESSIVE;
				GCC_WARN_UNUSED_FUNCTION = YES;
				GCC_WARN_UNUSED_VARIABLE = YES;
				MACOSX_DEPLOYMENT_TARGET = 11.0;
				MTL_ENABLE_DEBUG_INFO = NO;
				MTL_FAST_MATH = YES;
				SDKROOT = macosx;
				SWIFT_COMPILATION_MODE = wholemodule;
				SWIFT_OPTIMIZATION_LEVEL = "-O";
			};
			name = Release;
		};
		7B32497E256C6CF0001B4B6C /* Debug */ = {
			isa = XCBuildConfiguration;
			buildSettings = {
				CODE_SIGN_STYLE = Automatic;
				PRODUCT_NAME = "$(TARGET_NAME)";
				SWIFT_VERSION = 5.0;
			};
			name = Debug;
		};
		7B32497F256C6CF0001B4B6C /* Release */ = {
			isa = XCBuildConfiguration;
			buildSettings = {
				CODE_SIGN_STYLE = Automatic;
				PRODUCT_NAME = "$(TARGET_NAME)";
				SWIFT_VERSION = 5.0;
			};
			name = Release;
		};
/* End XCBuildConfiguration section */

/* Begin XCConfigurationList section */
		7B324971256C6CF0001B4B6C /* Build configuration list for PBXProject "LeetCode-Solutions" */ = {
			isa = XCConfigurationList;
			buildConfigurations = (
				7B32497B256C6CF0001B4B6C /* Debug */,
				7B32497C256C6CF0001B4B6C /* Release */,
			);
			defaultConfigurationIsVisible = 0;
			defaultConfigurationName = Release;
		};
		7B32497D256C6CF0001B4B6C /* Build configuration list for PBXNativeTarget "LeetCode-Solutions" */ = {
			isa = XCConfigurationList;
			buildConfigurations = (
				7B32497E256C6CF0001B4B6C /* Debug */,
				7B32497F256C6CF0001B4B6C /* Release */,
			);
			defaultConfigurationIsVisible = 0;
			defaultConfigurationName = Release;
		};
/* End XCConfigurationList section */
	};
	rootObject = 7B32496E256C6CF0001B4B6C /* Project object */;
}
